
Microsoft Visual Studio Solution File, Format Version 12.00
# Visual Studio Version 17
VisualStudioVersion = 17.8.34330.188
MinimumVisualStudioVersion = 10.0.40219.1
Project("{FAE04EC0-301F-11D3-BF4B-00C04F79EFBC}") = "BANKING_APPLICATION", "BANKING_APPLICATION.csproj", "{15E5DD76-1ECB-4DAF-B2BE-297F42AA205B}"
EndProject
Global
	GlobalSection(SolutionConfigurationPlatforms) = preSolution
		Debug|Any CPU = Debug|Any CPU
		Release|Any CPU = Release|Any CPU
	EndGlobalSection
	GlobalSection(ProjectConfigurationPlatforms) = postSolution
		{15E5DD76-1ECB-4DAF-B2BE-297F42AA205B}.Debug|Any CPU.ActiveCfg = Debug|Any CPU
		{15E5DD76-1ECB-4DAF-B2BE-297F42AA205B}.Debug|Any CPU.Build.0 = Debug|Any CPU
		{15E5DD76-1ECB-4DAF-B2BE-297F42AA205B}.Release|Any CPU.ActiveCfg = Release|Any CPU
		{15E5DD76-1ECB-4DAF-B2BE-297F42AA205B}.Release|Any CPU.Build.0 = Release|Any CPU
	EndGlobalSection
	GlobalSection(SolutionProperties) = preSolution
		HideSolutionNode = FALSE
	EndGlobalSection
	GlobalSection(ExtensibilityGlobals) = postSolution
		SolutionGuid = {00F05A22-7269-4432-915A-0673B4BEF21E}
	EndGlobalSection
EndGlobal
